// !$*UTF8*$!
{
	archiveVersion = 1;
	classes = {
	};
	objectVersion = 46;
	objects = {

/* Begin PBXBuildFile section */
		3B98702E1E645CD9002FC1DC /* main.m in Sources */ = {isa = PBXBuildFile; fileRef = 3B98702D1E645CD9002FC1DC /* main.m */; };
		3B9870311E645CD9002FC1DC /* AppDelegate.m in Sources */ = {isa = PBXBuildFile; fileRef = 3B9870301E645CD9002FC1DC /* AppDelegate.m */; };
		3B9870341E645CD9002FC1DC /* ViewController.m in Sources */ = {isa = PBXBuildFile; fileRef = 3B9870331E645CD9002FC1DC /* ViewController.m */; };
		3B9870371E645CD9002FC1DC /* Main.storyboard in Resources */ = {isa = PBXBuildFile; fileRef = 3B9870351E645CD9002FC1DC /* Main.storyboard */; };
		3B9870391E645CD9002FC1DC /* Assets.xcassets in Resources */ = {isa = PBXBuildFile; fileRef = 3B9870381E645CD9002FC1DC /* Assets.xcassets */; };
		3B98703C1E645CD9002FC1DC /* LaunchScreen.storyboard in Resources */ = {isa = PBXBuildFile; fileRef = 3B98703A1E645CD9002FC1DC /* LaunchScreen.storyboard */; };
		3B9870471E645CD9002FC1DC /* HYMonitorTests.m in Sources */ = {isa = PBXBuildFile; fileRef = 3B9870461E645CD9002FC1DC /* HYMonitorTests.m */; };
		3B9870541E645D09002FC1DC /* HYMonitor.m in Sources */ = {isa = PBXBuildFile; fileRef = 3B9870531E645D09002FC1DC /* HYMonitor.m */; };
/* End PBXBuildFile section */

/* Begin PBXContainerItemProxy section */
		3B9870431E645CD9002FC1DC /* PBXContainerItemProxy */ = {
			isa = PBXContainerItemProxy;
			containerPortal = 3B9870211E645CD9002FC1DC /* Project object */;
			proxyType = 1;
			remoteGlobalIDString = 3B9870281E645CD9002FC1DC;
			remoteInfo = HYMonitor;
		};
/* End PBXContainerItemProxy section */

/* Begin PBXFileReference section */
		3B9870291E645CD9002FC1DC /* HYMonitor.app */ = {isa = PBXFileReference; explicitFileType = wrapper.application; includeInIndex = 0; path = HYMonitor.app; sourceTree = BUILT_PRODUCTS_DIR; };
		3B98702D1E645CD9002FC1DC /* main.m */ = {isa = PBXFileReference; lastKnownFileType = sourcecode.c.objc; path = main.m; sourceTree = "<group>"; };
		3B98702F1E645CD9002FC1DC /* AppDelegate.h */ = {isa = PBXFileReference; lastKnownFileType = sourcecode.c.h; path = AppDelegate.h; sourceTree = "<group>"; };
		3B9870301E645CD9002FC1DC /* AppDelegate.m */ = {isa = PBXFileReference; lastKnownFileType = sourcecode.c.objc; path = AppDelegate.m; sourceTree = "<group>"; };
		3B9870321E645CD9002FC1DC /* ViewController.h */ = {isa = PBXFileReference; lastKnownFileType = sourcecode.c.h; path = ViewController.h; sourceTree = "<group>"; };
		3B9870331E645CD9002FC1DC /* ViewController.m */ = {isa = PBXFileReference; lastKnownFileType = sourcecode.c.objc; path = ViewController.m; sourceTree = "<group>"; };
		3B9870361E645CD9002FC1DC /* Base */ = {isa = PBXFileReference; lastKnownFileType = file.storyboard; name = Base; path = Base.lproj/Main.storyboard; sourceTree = "<group>"; };
		3B9870381E645CD9002FC1DC /* Assets.xcassets */ = {isa = PBXFileReference; lastKnownFileType = folder.assetcatalog; path = Assets.xcassets; sourceTree = "<group>"; };
		3B98703B1E645CD9002FC1DC /* Base */ = {isa = PBXFileReference; lastKnownFileType = file.storyboard; name = Base; path = Base.lproj/LaunchScreen.storyboard; sourceTree = "<group>"; };
		3B98703D1E645CD9002FC1DC /* Info.plist */ = {isa = PBXFileReference; lastKnownFileType = text.plist.xml; path = Info.plist; sourceTree = "<group>"; };
		3B9870421E645CD9002FC1DC /* HYMonitorTests.xctest */ = {isa = PBXFileReference; explicitFileType = wrapper.cfbundle; includeInIndex = 0; path = HYMonitorTests.xctest; sourceTree = BUILT_PRODUCTS_DIR; };
		3B9870461E645CD9002FC1DC /* HYMonitorTests.m */ = {isa = PBXFileReference; lastKnownFileType = sourcecode.c.objc; path = HYMonitorTests.m; sourceTree = "<group>"; };
		3B9870481E645CD9002FC1DC /* Info.plist */ = {isa = PBXFileReference; lastKnownFileType = text.plist.xml; path = Info.plist; sourceTree = "<group>"; };
		3B9870521E645D09002FC1DC /* HYMonitor.h */ = {isa = PBXFileReference; fileEncoding = 4; lastKnownFileType = sourcecode.c.h; path = HYMonitor.h; sourceTree = "<group>"; };
		3B9870531E645D09002FC1DC /* HYMonitor.m */ = {isa = PBXFileReference; fileEncoding = 4; lastKnownFileType = sourcecode.c.objc; path = HYMonitor.m; sourceTree = "<group>"; };
/* End PBXFileReference section */

/* Begin PBXFrameworksBuildPhase section */
		3B9870261E645CD9002FC1DC /* Frameworks */ = {
			isa = PBXFrameworksBuildPhase;
			buildActionMask = 2147483647;
			files = (
			);
			runOnlyForDeploymentPostprocessing = 0;
		};
		3B98703F1E645CD9002FC1DC /* Frameworks */ = {
			isa = PBXFrameworksBuildPhase;
			buildActionMask = 2147483647;
			files = (
			);
			runOnlyForDeploymentPostprocessing = 0;
		};
/* End PBXFrameworksBuildPhase section */

/* Begin PBXGroup section */
		3B9870201E645CD9002FC1DC = {
			isa = PBXGroup;
			children = (
				3B98702B1E645CD9002FC1DC /* HYMonitor */,
				3B9870451E645CD9002FC1DC /* HYMonitorTests */,
				3B98702A1E645CD9002FC1DC /* Products */,
			);
			sourceTree = "<group>";
		};
		3B98702A1E645CD9002FC1DC /* Products */ = {
			isa = PBXGroup;
			children = (
				3B9870291E645CD9002FC1DC /* HYMonitor.app */,
				3B9870421E645CD9002FC1DC /* HYMonitorTests.xctest */,
			);
			name = Products;
			sourceTree = "<group>";
		};
		3B98702B1E645CD9002FC1DC /* HYMonitor */ = {
			isa = PBXGroup;
			children = (
				3B9870511E645CF5002FC1DC /* HYMonitor */,
				3B98702F1E645CD9002FC1DC /* AppDelegate.h */,
				3B9870301E645CD9002FC1DC /* AppDelegate.m */,
				3B9870321E645CD9002FC1DC /* ViewController.h */,
				3B9870331E645CD9002FC1DC /* ViewController.m */,
				3B9870351E645CD9002FC1DC /* Main.storyboard */,
				3B9870381E645CD9002FC1DC /* Assets.xcassets */,
				3B98703A1E645CD9002FC1DC /* LaunchScreen.storyboard */,
				3B98703D1E645CD9002FC1DC /* Info.plist */,
				3B98702C1E645CD9002FC1DC /* Supporting Files */,
			);
			path = HYMonitor;
			sourceTree = "<group>";
		};
		3B98702C1E645CD9002FC1DC /* Supporting Files */ = {
			isa = PBXGroup;
			children = (
				3B98702D1E645CD9002FC1DC /* main.m */,
			);
			name = "Supporting Files";
			sourceTree = "<group>";
		};
		3B9870451E645CD9002FC1DC /* HYMonitorTests */ = {
			isa = PBXGroup;
			children = (
				3B9870461E645CD9002FC1DC /* HYMonitorTests.m */,
				3B9870481E645CD9002FC1DC /* Info.plist */,
			);
			path = HYMonitorTests;
			sourceTree = "<group>";
		};
		3B9870511E645CF5002FC1DC /* HYMonitor */ = {
			isa = PBXGroup;
			children = (
				3B9870521E645D09002FC1DC /* HYMonitor.h */,
				3B9870531E645D09002FC1DC /* HYMonitor.m */,
			);
			path = HYMonitor;
			sourceTree = "<group>";
		};
/* End PBXGroup section */

/* Begin PBXNativeTarget section */
		3B9870281E645CD9002FC1DC /* HYMonitor */ = {
			isa = PBXNativeTarget;
			buildConfigurationList = 3B98704B1E645CD9002FC1DC /* Build configuration list for PBXNativeTarget "HYMonitor" */;
			buildPhases = (
				3B9870251E645CD9002FC1DC /* Sources */,
				3B9870261E645CD9002FC1DC /* Frameworks */,
				3B9870271E645CD9002FC1DC /* Resources */,
			);
			buildRules = (
			);
			dependencies = (
			);
			name = HYMonitor;
			productName = HYMonitor;
			productReference = 3B9870291E645CD9002FC1DC /* HYMonitor.app */;
			productType = "com.apple.product-type.application";
		};
		3B9870411E645CD9002FC1DC /* HYMonitorTests */ = {
			isa = PBXNativeTarget;
			buildConfigurationList = 3B98704E1E645CD9002FC1DC /* Build configuration list for PBXNativeTarget "HYMonitorTests" */;
			buildPhases = (
				3B98703E1E645CD9002FC1DC /* Sources */,
				3B98703F1E645CD9002FC1DC /* Frameworks */,
				3B9870401E645CD9002FC1DC /* Resources */,
			);
			buildRules = (
			);
			dependencies = (
				3B9870441E645CD9002FC1DC /* PBXTargetDependency */,
			);
			name = HYMonitorTests;
			productName = HYMonitorTests;
			productReference = 3B9870421E645CD9002FC1DC /* HYMonitorTests.xctest */;
			productType = "com.apple.product-type.bundle.unit-test";
		};
/* End PBXNativeTarget section */

/* Begin PBXProject section */
		3B9870211E645CD9002FC1DC /* Project object */ = {
			isa = PBXProject;
			attributes = {
				LastUpgradeCheck = 0820;
				ORGANIZATIONNAME = "He yang";
				TargetAttributes = {
					3B9870281E645CD9002FC1DC = {
						CreatedOnToolsVersion = 8.2.1;
						ProvisioningStyle = Automatic;
					};
					3B9870411E645CD9002FC1DC = {
						CreatedOnToolsVersion = 8.2.1;
						ProvisioningStyle = Automatic;
						TestTargetID = 3B9870281E645CD9002FC1DC;
					};
				};
			};
			buildConfigurationList = 3B9870241E645CD9002FC1DC /* Build configuration list for PBXProject "HYMonitor" */;
			compatibilityVersion = "Xcode 3.2";
			developmentRegion = English;
			hasScannedForEncodings = 0;
			knownRegions = (
				en,
				Base,
			);
			mainGroup = 3B9870201E645CD9002FC1DC;
			productRefGroup = 3B98702A1E645CD9002FC1DC /* Products */;
			projectDirPath = "";
			projectRoot = "";
			targets = (
				3B9870281E645CD9002FC1DC /* HYMonitor */,
				3B9870411E645CD9002FC1DC /* HYMonitorTests */,
			);
		};
/* End PBXProject section */

/* Begin PBXResourcesBuildPhase section */
		3B9870271E645CD9002FC1DC /* Resources */ = {
			isa = PBXResourcesBuildPhase;
			buildActionMask = 2147483647;
			files = (
				3B98703C1E645CD9002FC1DC /* LaunchScreen.storyboard in Resources */,
				3B9870391E645CD9002FC1DC /* Assets.xcassets in Resources */,
				3B9870371E645CD9002FC1DC /* Main.storyboard in Resources */,
			);
			runOnlyForDeploymentPostprocessing = 0;
		};
		3B9870401E645CD9002FC1DC /* Resources */ = {
			isa = PBXResourcesBuildPhase;
			buildActionMask = 2147483647;
			files = (
			);
			runOnlyForDeploymentPostprocessing = 0;
		};
/* End PBXResourcesBuildPhase section */

/* Begin PBXSourcesBuildPhase section */
		3B9870251E645CD9002FC1DC /* Sources */ = {
			isa = PBXSourcesBuildPhase;
			buildActionMask = 2147483647;
			files = (
				3B9870341E645CD9002FC1DC /* ViewController.m in Sources */,
				3B9870311E645CD9002FC1DC /* AppDelegate.m in Sources */,
				3B98702E1E645CD9002FC1DC /* main.m in Sources */,
				3B9870541E645D09002FC1DC /* HYMonitor.m in Sources */,
			);
			runOnlyForDeploymentPostprocessing = 0;
		};
		3B98703E1E645CD9002FC1DC /* Sources */ = {
			isa = PBXSourcesBuildPhase;
			buildActionMask = 2147483647;
			files = (
				3B9870471E645CD9002FC1DC /* HYMonitorTests.m in Sources */,
			);
			runOnlyForDeploymentPostprocessing = 0;
		};
/* End PBXSourcesBuildPhase section */

/* Begin PBXTargetDependency section */
		3B9870441E645CD9002FC1DC /* PBXTargetDependency */ = {
			isa = PBXTargetDependency;
			target = 3B9870281E645CD9002FC1DC /* HYMonitor */;
			targetProxy = 3B9870431E645CD9002FC1DC /* PBXContainerItemProxy */;
		};
/* End PBXTargetDependency section */

/* Begin PBXVariantGroup section */
		3B9870351E645CD9002FC1DC /* Main.storyboard */ = {
			isa = PBXVariantGroup;
			children = (
				3B9870361E645CD9002FC1DC /* Base */,
			);
			name = Main.storyboard;
			sourceTree = "<group>";
		};
		3B98703A1E645CD9002FC1DC /* LaunchScreen.storyboard */ = {
			isa = PBXVariantGroup;
			children = (
				3B98703B1E645CD9002FC1DC /* Base */,
			);
			name = LaunchScreen.storyboard;
			sourceTree = "<group>";
		};
/* End PBXVariantGroup section */

/* Begin XCBuildConfiguration section */
		3B9870491E645CD9002FC1DC /* Debug */ = {
			isa = XCBuildConfiguration;
			buildSettings = {
				ALWAYS_SEARCH_USER_PATHS = NO;
				CLANG_ANALYZER_NONNULL = YES;
				CLANG_CXX_LANGUAGE_STANDARD = "gnu++0x";
				CLANG_CXX_LIBRARY = "libc++";
				CLANG_ENABLE_MODULES = YES;
				CLANG_ENABLE_OBJC_ARC = YES;
				CLANG_WARN_BOOL_CONVERSION = YES;
				CLANG_WARN_CONSTANT_CONVERSION = YES;
				CLANG_WARN_DIRECT_OBJC_ISA_USAGE = YES_ERROR;
				CLANG_WARN_DOCUMENTATION_COMMENTS = YES;
				CLANG_WARN_EMPTY_BODY = YES;
				CLANG_WARN_ENUM_CONVERSION = YES;
				CLANG_WARN_INFINITE_RECURSION = YES;
				CLANG_WARN_INT_CONVERSION = YES;
				CLANG_WARN_OBJC_ROOT_CLASS = YES_ERROR;
				CLANG_WARN_SUSPICIOUS_MOVE = YES;
				CLANG_WARN_UNREACHABLE_CODE = YES;
				CLANG_WARN__DUPLICATE_METHOD_MATCH = YES;
				"CODE_SIGN_IDENTITY[sdk=iphoneos*]" = "iPhone Developer";
				COPY_PHASE_STRIP = NO;
				DEBUG_INFORMATION_FORMAT = dwarf;
				ENABLE_STRICT_OBJC_MSGSEND = YES;
				ENABLE_TESTABILITY = YES;
				GCC_C_LANGUAGE_STANDARD = gnu99;
				GCC_DYNAMIC_NO_PIC = NO;
				GCC_NO_COMMON_BLOCKS = YES;
				GCC_OPTIMIZATION_LEVEL = 0;
				GCC_PREPROCESSOR_DEFINITIONS = (
					"DEBUG=1",
					"$(inherited)",
				);
				GCC_WARN_64_TO_32_BIT_CONVERSION = YES;
				GCC_WARN_ABOUT_RETURN_TYPE = YES_ERROR;
				GCC_WARN_UNDECLARED_SELECTOR = YES;
				GCC_WARN_UNINITIALIZED_AUTOS = YES_AGGRESSIVE;
				GCC_WARN_UNUSED_FUNCTION = YES;
				GCC_WARN_UNUSED_VARIABLE = YES;
				IPHONEOS_DEPLOYMENT_TARGET = 10.2;
				MTL_ENABLE_DEBUG_INFO = YES;
				ONLY_ACTIVE_ARCH = YES;
				SDKROOT = iphoneos;
				TARGETED_DEVICE_FAMILY = "1,2";
			};
			name = Debug;
		};
		3B98704A1E645CD9002FC1DC /* Release */ = {
			isa = XCBuildConfiguration;
			buildSettings = {
				ALWAYS_SEARCH_USER_PATHS = NO;
				CLANG_ANALYZER_NONNULL = YES;
				CLANG_CXX_LANGUAGE_STANDARD = "gnu++0x";
				CLANG_CXX_LIBRARY = "libc++";
				CLANG_ENABLE_MODULES = YES;
				CLANG_ENABLE_OBJC_ARC = YES;
				CLANG_WARN_BOOL_CONVERSION = YES;
				CLANG_WARN_CONSTANT_CONVERSION = YES;
				CLANG_WARN_DIRECT_OBJC_ISA_USAGE = YES_ERROR;
				CLANG_WARN_DOCUMENTATION_COMMENTS = YES;
				CLANG_WARN_EMPTY_BODY = YES;
				CLANG_WARN_ENUM_CONVERSION = YES;
				CLANG_WARN_INFINITE_RECURSION = YES;
				CLANG_WARN_INT_CONVERSION = YES;
				CLANG_WARN_OBJC_ROOT_CLASS = YES_ERROR;
				CLANG_WARN_SUSPICIOUS_MOVE = YES;
				CLANG_WARN_UNREACHABLE_CODE = YES;
				CLANG_WARN__DUPLICATE_METHOD_MATCH = YES;
				"CODE_SIGN_IDENTITY[sdk=iphoneos*]" = "iPhone Developer";
				COPY_PHASE_STRIP = NO;
				DEBUG_INFORMATION_FORMAT = "dwarf-with-dsym";
				ENABLE_NS_ASSERTIONS = NO;
				ENABLE_STRICT_OBJC_MSGSEND = YES;
				GCC_C_LANGUAGE_STANDARD = gnu99;
				GCC_NO_COMMON_BLOCKS = YES;
				GCC_WARN_64_TO_32_BIT_CONVERSION = YES;
				GCC_WARN_ABOUT_RETURN_TYPE = YES_ERROR;
				GCC_WARN_UNDECLARED_SELECTOR = YES;
				GCC_WARN_UNINITIALIZED_AUTOS = YES_AGGRESSIVE;
				GCC_WARN_UNUSED_FUNCTION = YES;
				GCC_WARN_UNUSED_VARIABLE = YES;
				IPHONEOS_DEPLOYMENT_TARGET = 10.2;
				MTL_ENABLE_DEBUG_INFO = NO;
				SDKROOT = iphoneos;
				TARGETED_DEVICE_FAMILY = "1,2";
				VALIDATE_PRODUCT = YES;
			};
			name = Release;
		};
		3B98704C1E645CD9002FC1DC /* Debug */ = {
			isa = XCBuildConfiguration;
			buildSettings = {
				ASSETCATALOG_COMPILER_APPICON_NAME = AppIcon;
				INFOPLIST_FILE = HYMonitor/Info.plist;
				LD_RUNPATH_SEARCH_PATHS = "$(inherited) @executable_path/Frameworks";
				PRODUCT_BUNDLE_IDENTIFIER = IOS.HYMonitor;
				PRODUCT_NAME = "$(TARGET_NAME)";
			};
			name = Debug;
		};
		3B98704D1E645CD9002FC1DC /* Release */ = {
			isa = XCBuildConfiguration;
			buildSettings = {
				ASSETCATALOG_COMPILER_APPICON_NAME = AppIcon;
				INFOPLIST_FILE = HYMonitor/Info.plist;
				LD_RUNPATH_SEARCH_PATHS = "$(inherited) @executable_path/Frameworks";
				PRODUCT_BUNDLE_IDENTIFIER = IOS.HYMonitor;
				PRODUCT_NAME = "$(TARGET_NAME)";
			};
			name = Release;
		};
		3B98704F1E645CD9002FC1DC /* Debug */ = {
			isa = XCBuildConfiguration;
			buildSettings = {
				BUNDLE_LOADER = "$(TEST_HOST)";
				INFOPLIST_FILE = HYMonitorTests/Info.plist;
				LD_RUNPATH_SEARCH_PATHS = "$(inherited) @executable_path/Frameworks @loader_path/Frameworks";
				PRODUCT_BUNDLE_IDENTIFIER = IOS.HYMonitorTests;
				PRODUCT_NAME = "$(TARGET_NAME)";
				TEST_HOST = "$(BUILT_PRODUCTS_DIR)/HYMonitor.app/HYMonitor";
			};
			name = Debug;
		};
		3B9870501E645CD9002FC1DC /* Release */ = {
			isa = XCBuildConfiguration;
			buildSettings = {
				BUNDLE_LOADER = "$(TEST_HOST)";
				INFOPLIST_FILE = HYMonitorTests/Info.plist;
				LD_RUNPATH_SEARCH_PATHS = "$(inherited) @executable_path/Frameworks @loader_path/Frameworks";
				PRODUCT_BUNDLE_IDENTIFIER = IOS.HYMonitorTests;
				PRODUCT_NAME = "$(TARGET_NAME)";
				TEST_HOST = "$(BUILT_PRODUCTS_DIR)/HYMonitor.app/HYMonitor";
			};
			name = Release;
		};
/* End XCBuildConfiguration section */

/* Begin XCConfigurationList section */
		3B9870241E645CD9002FC1DC /* Build configuration list for PBXProject "HYMonitor" */ = {
			isa = XCConfigurationList;
			buildConfigurations = (
				3B9870491E645CD9002FC1DC /* Debug */,
				3B98704A1E645CD9002FC1DC /* Release */,
			);
			defaultConfigurationIsVisible = 0;
			defaultConfigurationName = Release;
		};
		3B98704B1E645CD9002FC1DC /* Build configuration list for PBXNativeTarget "HYMonitor" */ = {
			isa = XCConfigurationList;
			buildConfigurations = (
				3B98704C1E645CD9002FC1DC /* Debug */,
				3B98704D1E645CD9002FC1DC /* Release */,
			);
			defaultConfigurationIsVisible = 0;
		};
		3B98704E1E645CD9002FC1DC /* Build configuration list for PBXNativeTarget "HYMonitorTests" */ = {
			isa = XCConfigurationList;
			buildConfigurations = (
				3B98704F1E645CD9002FC1DC /* Debug */,
				3B9870501E645CD9002FC1DC /* Release */,
			);
			defaultConfigurationIsVisible = 0;
		};
/* End XCConfigurationList section */
	};
	rootObject = 3B9870211E645CD9002FC1DC /* Project object */;
}
